{
  "version": 4,
  "terraform_version": "1.1.9",
  "serial": 28,
  "lineage": "56127106-4f2b-e026-fc5e-f2a52fe2b57a",
  "outputs": {
    "ARN": {
      "value": "arn:aws:ec2:us-east-1:592501618286:vpc/vpc-0d198dbcde27d2673",
      "type": "string"
    },
    "cidr_block": {
      "value": "10.0.3.0/28",
      "type": "string"
    },
    "default_network_acl_id": {
      "value": "acl-06fe52d7b1774a467",
      "type": "string"
    },
    "default_route_table_id": {
      "value": "rtb-092af97da631fece2",
      "type": "string"
    },
    "default_security_group_id": {
      "value": "sg-074d9d14c1ba77868",
      "type": "string"
    },
    "dhcp_options_id": {
      "value": "dopt-20b3cd47",
      "type": "string"
    },
    "enable_classiclink": {
      "value": false,
      "type": "bool"
    },
    "enable_classiclink_dns_support": {
      "value": false,
      "type": "bool"
    },
    "enable_dns_hostnames": {
      "value": false,
      "type": "bool"
    },
    "enable_dns_support": {
      "value": true,
      "type": "bool"
    },
    "instance_id": {
      "value": "i-00435e7df1907f9be",
      "type": "string"
    },
    "instance_tenancy": {
      "value": "default",
      "type": "string"
    },
    "ipv6_association_id": {
      "value": "",
      "type": "string"
    },
    "ipv6_cidr_block": {
      "value": "",
      "type": "string"
    },
    "main_route_table_id": {
      "value": "rtb-092af97da631fece2",
      "type": "string"
    },
    "network_interface_id": {
      "value": "eni-05b68c3f72cddfd3a",
      "type": "string"
    },
    "owner_id": {
      "value": "592501618286",
      "type": "string"
    },
    "private_ip": {
      "value": "172.31.23.229",
      "type": "string"
    },
    "public_ip": {
      "value": "54.234.71.117",
      "type": "string"
    },
    "tags": {
      "value": {
        "Name": "transit-vpc"
      },
      "type": [
        "map",
        "string"
      ]
    },
    "vpc_id": {
      "value": "vpc-0d198dbcde27d2673",
      "type": "string"
    }
  },
  "resources": [
    {
      "mode": "managed",
      "type": "aws_instance",
      "name": "instance_name",
      "provider": "provider[\"registry.terraform.io/hashicorp/aws\"]",
      "instances": [
        {
          "schema_version": 1,
          "attributes": {
            "ami": "ami-0e472ba40eb589f49",
            "arn": "arn:aws:ec2:us-east-1:592501618286:instance/i-00435e7df1907f9be",
            "associate_public_ip_address": true,
            "availability_zone": "us-east-1a",
            "capacity_reservation_specification": [
              {
                "capacity_reservation_preference": "open",
                "capacity_reservation_target": []
              }
            ],
            "cpu_core_count": 1,
            "cpu_threads_per_core": 1,
            "credit_specification": [
              {
                "cpu_credits": "standard"
              }
            ],
            "disable_api_termination": false,
            "ebs_block_device": [],
            "ebs_optimized": false,
            "enclave_options": [
              {
                "enabled": false
              }
            ],
            "ephemeral_block_device": [],
            "get_password_data": false,
            "hibernation": false,
            "host_id": null,
            "iam_instance_profile": "",
            "id": "i-00435e7df1907f9be",
            "instance_initiated_shutdown_behavior": "stop",
            "instance_state": "running",
            "instance_type": "t2.micro",
            "ipv6_address_count": 0,
            "ipv6_addresses": [],
            "key_name": "laptop",
            "launch_template": [],
            "metadata_options": [
              {
                "http_endpoint": "enabled",
                "http_put_response_hop_limit": 1,
                "http_tokens": "optional",
                "instance_metadata_tags": "disabled"
              }
            ],
            "monitoring": false,
            "network_interface": [],
            "outpost_arn": "",
            "password_data": "",
            "placement_group": "",
            "placement_partition_number": null,
            "primary_network_interface_id": "eni-05b68c3f72cddfd3a",
            "private_dns": "ip-172-31-23-229.ec2.internal",
            "private_ip": "172.31.23.229",
            "public_dns": "ec2-54-234-71-117.compute-1.amazonaws.com",
            "public_ip": "54.234.71.117",
            "root_block_device": [
              {
                "delete_on_termination": true,
                "device_name": "/dev/sda1",
                "encrypted": false,
                "iops": 100,
                "kms_key_id": "",
                "tags": {},
                "throughput": 0,
                "volume_id": "vol-058fe0e461ccc3086",
                "volume_size": 8,
                "volume_type": "gp2"
              }
            ],
            "secondary_private_ips": [],
            "security_groups": [
              "allow-ssh-sg"
            ],
            "source_dest_check": true,
            "subnet_id": "subnet-f09586b9",
            "tags": {
              "Name": "ExampleAppServerInstance"
            },
            "tags_all": {
              "Name": "ExampleAppServerInstance"
            },
            "tenancy": "default",
            "timeouts": null,
            "user_data": "5722471ee3cb78c8e017e48eb8bb72be2554e4e4",
            "user_data_base64": null,
            "user_data_replace_on_change": false,
            "volume_tags": null,
            "vpc_security_group_ids": [
              "sg-044f4692ea4081366"
            ]
          },
          "sensitive_attributes": [],
          "private": "eyJlMmJmYjczMC1lY2FhLTExZTYtOGY4OC0zNDM2M2JjN2M0YzAiOnsiY3JlYXRlIjo2MDAwMDAwMDAwMDAsImRlbGV0ZSI6MTIwMDAwMDAwMDAwMCwidXBkYXRlIjo2MDAwMDAwMDAwMDB9LCJzY2hlbWFfdmVyc2lvbiI6IjEifQ==",
          "dependencies": [
            "aws_security_group.allow-ssh-sg"
          ]
        }
      ]
    },
    {
      "mode": "managed",
      "type": "aws_security_group",
      "name": "allow-ssh-sg",
      "provider": "provider[\"registry.terraform.io/hashicorp/aws\"]",
      "instances": [
        {
          "schema_version": 1,
          "attributes": {
            "arn": "arn:aws:ec2:us-east-1:592501618286:security-group/sg-044f4692ea4081366",
            "description": "Allow ssh inbound traffic",
            "egress": [
              {
                "cidr_blocks": [
                  "0.0.0.0/0"
                ],
                "description": "",
                "from_port": 0,
                "ipv6_cidr_blocks": [],
                "prefix_list_ids": [],
                "protocol": "-1",
                "security_groups": [],
                "self": false,
                "to_port": 0
              }
            ],
            "id": "sg-044f4692ea4081366",
            "ingress": [
              {
                "cidr_blocks": [
                  "0.0.0.0/0"
                ],
                "description": "ssh from VPC",
                "from_port": 22,
                "ipv6_cidr_blocks": [],
                "prefix_list_ids": [],
                "protocol": "tcp",
                "security_groups": [],
                "self": false,
                "to_port": 22
              }
            ],
            "name": "allow-ssh-sg",
            "name_prefix": "",
            "owner_id": "592501618286",
            "revoke_rules_on_delete": false,
            "tags": {
              "Name": "allow_ssh_sg"
            },
            "tags_all": {
              "Name": "allow_ssh_sg"
            },
            "timeouts": null,
            "vpc_id": "vpc-3c3b465a"
          },
          "sensitive_attributes": [],
          "private": "eyJlMmJmYjczMC1lY2FhLTExZTYtOGY4OC0zNDM2M2JjN2M0YzAiOnsiY3JlYXRlIjo2MDAwMDAwMDAwMDAsImRlbGV0ZSI6OTAwMDAwMDAwMDAwfSwic2NoZW1hX3ZlcnNpb24iOiIxIn0="
        }
      ]
    },
    {
      "mode": "managed",
      "type": "aws_vpc",
      "name": "vpc_name",
      "provider": "provider[\"registry.terraform.io/hashicorp/aws\"]",
      "instances": [
        {
          "schema_version": 1,
          "attributes": {
            "arn": "arn:aws:ec2:us-east-1:592501618286:vpc/vpc-0d198dbcde27d2673",
            "assign_generated_ipv6_cidr_block": false,
            "cidr_block": "10.0.3.0/28",
            "default_network_acl_id": "acl-06fe52d7b1774a467",
            "default_route_table_id": "rtb-092af97da631fece2",
            "default_security_group_id": "sg-074d9d14c1ba77868",
            "dhcp_options_id": "dopt-20b3cd47",
            "enable_classiclink": false,
            "enable_classiclink_dns_support": false,
            "enable_dns_hostnames": false,
            "enable_dns_support": true,
            "id": "vpc-0d198dbcde27d2673",
            "instance_tenancy": "default",
            "ipv4_ipam_pool_id": null,
            "ipv4_netmask_length": null,
            "ipv6_association_id": "",
            "ipv6_cidr_block": "",
            "ipv6_cidr_block_network_border_group": "",
            "ipv6_ipam_pool_id": "",
            "ipv6_netmask_length": 0,
            "main_route_table_id": "rtb-092af97da631fece2",
            "owner_id": "592501618286",
            "tags": {
              "Name": "transit-vpc"
            },
            "tags_all": {
              "Name": "transit-vpc"
            }
          },
          "sensitive_attributes": [],
          "private": "eyJzY2hlbWFfdmVyc2lvbiI6IjEifQ=="
        }
      ]
    }
  ]
}
